
Microsoft Visual Studio Solution File, Format Version 12.00
# Visual Studio 14
VisualStudioVersion = 14.0.25123.0
MinimumVisualStudioVersion = 10.0.40219.1
Project("{FAE04EC0-301F-11D3-BF4B-00C04F79EFBC}") = "DavidJarl_MVC_2016_06", "DavidJarl_MVC_2016_06\DavidJarl_MVC_2016_06.csproj", "{453F3150-5913-4570-98DE-2DD6A0ADD089}"
EndProject
Project("{FAE04EC0-301F-11D3-BF4B-00C04F79EFBC}") = "DavidJarl_MVC_2016_06.Tests", "DavidJarl_MVC_2016_06.Tests\DavidJarl_MVC_2016_06.Tests.csproj", "{2167F5C4-C5EE-4B41-8FF9-D7FAAC694A9D}"
EndProject
Global
	GlobalSection(SolutionConfigurationPlatforms) = preSolution
		Debug|Any CPU = Debug|Any CPU
		Release|Any CPU = Release|Any CPU
	EndGlobalSection
	GlobalSection(ProjectConfigurationPlatforms) = postSolution
		{453F3150-5913-4570-98DE-2DD6A0ADD089}.Debug|Any CPU.ActiveCfg = Debug|Any CPU
		{453F3150-5913-4570-98DE-2DD6A0ADD089}.Debug|Any CPU.Build.0 = Debug|Any CPU
		{453F3150-5913-4570-98DE-2DD6A0ADD089}.Release|Any CPU.ActiveCfg = Release|Any CPU
		{453F3150-5913-4570-98DE-2DD6A0ADD089}.Release|Any CPU.Build.0 = Release|Any CPU
		{2167F5C4-C5EE-4B41-8FF9-D7FAAC694A9D}.Debug|Any CPU.ActiveCfg = Debug|Any CPU
		{2167F5C4-C5EE-4B41-8FF9-D7FAAC694A9D}.Debug|Any CPU.Build.0 = Debug|Any CPU
		{2167F5C4-C5EE-4B41-8FF9-D7FAAC694A9D}.Release|Any CPU.ActiveCfg = Release|Any CPU
		{2167F5C4-C5EE-4B41-8FF9-D7FAAC694A9D}.Release|Any CPU.Build.0 = Release|Any CPU
	EndGlobalSection
	GlobalSection(SolutionProperties) = preSolution
		HideSolutionNode = FALSE
	EndGlobalSection
EndGlobal
